
Microsoft Visual Studio Solution File, Format Version 12.00
# Visual Studio 14
VisualStudioVersion = 14.0.25420.1
MinimumVisualStudioVersion = 10.0.40219.1
Project("{FAE04EC0-301F-11D3-BF4B-00C04F79EFBC}") = "ClickPerSec", "ClickPerSec\ClickPerSec.csproj", "{74F290F7-CC66-4477-97D9-D60830127515}"
EndProject
Project("{2150E333-8FDC-42A3-9474-1A3956D46DE8}") = "Solution Items", "Solution Items", "{CD80A980-02A0-487D-94F8-4CC5EC60CB19}"
EndProject
Global
	GlobalSection(SolutionConfigurationPlatforms) = preSolution
		Debug|Any CPU = Debug|Any CPU
		Release|Any CPU = Release|Any CPU
	EndGlobalSection
	GlobalSection(ProjectConfigurationPlatforms) = postSolution
		{74F290F7-CC66-4477-97D9-D60830127515}.Debug|Any CPU.ActiveCfg = Debug|Any CPU
		{74F290F7-CC66-4477-97D9-D60830127515}.Debug|Any CPU.Build.0 = Debug|Any CPU
		{74F290F7-CC66-4477-97D9-D60830127515}.Release|Any CPU.ActiveCfg = Release|Any CPU
		{74F290F7-CC66-4477-97D9-D60830127515}.Release|Any CPU.Build.0 = Release|Any CPU
	EndGlobalSection
	GlobalSection(SolutionProperties) = preSolution
		HideSolutionNode = FALSE
	EndGlobalSection
EndGlobal
